// !$*UTF8*$!
{
	archiveVersion = 1;
	classes = {
	};
	objectVersion = 50;
	objects = {

/* Begin PBXBuildFile section */
		3B09A99224840ECE00F09500 /* PopAnimator.swift in Sources */ = {isa = PBXBuildFile; fileRef = 3B09A99124840ECE00F09500 /* PopAnimator.swift */; };
		3BA7A1A1246C35B900F4CB7D /* CustomTableViewCell.swift in Sources */ = {isa = PBXBuildFile; fileRef = 3BA7A1A0246C35B900F4CB7D /* CustomTableViewCell.swift */; };
		3BA7A1A3246C498500F4CB7D /* CustomCollectionViewCell.swift in Sources */ = {isa = PBXBuildFile; fileRef = 3BA7A1A2246C498500F4CB7D /* CustomCollectionViewCell.swift */; };
		3BB956DB2462A08A00FAD1C8 /* AppDelegate.swift in Sources */ = {isa = PBXBuildFile; fileRef = 3BB956DA2462A08A00FAD1C8 /* AppDelegate.swift */; };
		3BB956DD2462A08A00FAD1C8 /* SceneDelegate.swift in Sources */ = {isa = PBXBuildFile; fileRef = 3BB956DC2462A08A00FAD1C8 /* SceneDelegate.swift */; };
		3BB956DF2462A08A00FAD1C8 /* MainViewController.swift in Sources */ = {isa = PBXBuildFile; fileRef = 3BB956DE2462A08A00FAD1C8 /* MainViewController.swift */; };
		3BB956E22462A08A00FAD1C8 /* Main.storyboard in Resources */ = {isa = PBXBuildFile; fileRef = 3BB956E02462A08A00FAD1C8 /* Main.storyboard */; };
		3BB956E42462A08E00FAD1C8 /* Assets.xcassets in Resources */ = {isa = PBXBuildFile; fileRef = 3BB956E32462A08E00FAD1C8 /* Assets.xcassets */; };
		3BB956E72462A08E00FAD1C8 /* LaunchScreen.storyboard in Resources */ = {isa = PBXBuildFile; fileRef = 3BB956E52462A08E00FAD1C8 /* LaunchScreen.storyboard */; };
		3BB9DE77246C4B95009CCEF6 /* Manager.swift in Sources */ = {isa = PBXBuildFile; fileRef = 3BB9DE76246C4B95009CCEF6 /* Manager.swift */; };
		3BB9DE7A246C62D6009CCEF6 /* DetailListViewController.swift in Sources */ = {isa = PBXBuildFile; fileRef = 3BB9DE79246C62D6009CCEF6 /* DetailListViewController.swift */; };
		3BC9ED282462D80200630FC1 /* ListViewController.swift in Sources */ = {isa = PBXBuildFile; fileRef = 3BC9ED272462D80200630FC1 /* ListViewController.swift */; };
		3BC9ED2A2462DC1E00630FC1 /* GridCollectionViewController.swift in Sources */ = {isa = PBXBuildFile; fileRef = 3BC9ED292462DC1E00630FC1 /* GridCollectionViewController.swift */; };
/* End PBXBuildFile section */

/* Begin PBXFileReference section */
		3B09A99124840ECE00F09500 /* PopAnimator.swift */ = {isa = PBXFileReference; lastKnownFileType = sourcecode.swift; path = PopAnimator.swift; sourceTree = "<group>"; };
		3BA7A1A0246C35B900F4CB7D /* CustomTableViewCell.swift */ = {isa = PBXFileReference; lastKnownFileType = sourcecode.swift; path = CustomTableViewCell.swift; sourceTree = "<group>"; };
		3BA7A1A2246C498500F4CB7D /* CustomCollectionViewCell.swift */ = {isa = PBXFileReference; lastKnownFileType = sourcecode.swift; path = CustomCollectionViewCell.swift; sourceTree = "<group>"; };
		3BB956D72462A08A00FAD1C8 /* TestReaddle.app */ = {isa = PBXFileReference; explicitFileType = wrapper.application; includeInIndex = 0; path = TestReaddle.app; sourceTree = BUILT_PRODUCTS_DIR; };
		3BB956DA2462A08A00FAD1C8 /* AppDelegate.swift */ = {isa = PBXFileReference; lastKnownFileType = sourcecode.swift; path = AppDelegate.swift; sourceTree = "<group>"; };
		3BB956DC2462A08A00FAD1C8 /* SceneDelegate.swift */ = {isa = PBXFileReference; lastKnownFileType = sourcecode.swift; path = SceneDelegate.swift; sourceTree = "<group>"; };
		3BB956DE2462A08A00FAD1C8 /* MainViewController.swift */ = {isa = PBXFileReference; lastKnownFileType = sourcecode.swift; path = MainViewController.swift; sourceTree = "<group>"; };
		3BB956E12462A08A00FAD1C8 /* Base */ = {isa = PBXFileReference; lastKnownFileType = file.storyboard; name = Base; path = Base.lproj/Main.storyboard; sourceTree = "<group>"; };
		3BB956E32462A08E00FAD1C8 /* Assets.xcassets */ = {isa = PBXFileReference; lastKnownFileType = folder.assetcatalog; path = Assets.xcassets; sourceTree = "<group>"; };
		3BB956E62462A08E00FAD1C8 /* Base */ = {isa = PBXFileReference; lastKnownFileType = file.storyboard; name = Base; path = Base.lproj/LaunchScreen.storyboard; sourceTree = "<group>"; };
		3BB956E82462A08E00FAD1C8 /* Info.plist */ = {isa = PBXFileReference; lastKnownFileType = text.plist.xml; path = Info.plist; sourceTree = "<group>"; };
		3BB9DE76246C4B95009CCEF6 /* Manager.swift */ = {isa = PBXFileReference; lastKnownFileType = sourcecode.swift; path = Manager.swift; sourceTree = "<group>"; };
		3BB9DE79246C62D6009CCEF6 /* DetailListViewController.swift */ = {isa = PBXFileReference; lastKnownFileType = sourcecode.swift; path = DetailListViewController.swift; sourceTree = "<group>"; };
		3BC9ED272462D80200630FC1 /* ListViewController.swift */ = {isa = PBXFileReference; lastKnownFileType = sourcecode.swift; path = ListViewController.swift; sourceTree = "<group>"; };
		3BC9ED292462DC1E00630FC1 /* GridCollectionViewController.swift */ = {isa = PBXFileReference; lastKnownFileType = sourcecode.swift; path = GridCollectionViewController.swift; sourceTree = "<group>"; };
/* End PBXFileReference section */

/* Begin PBXFrameworksBuildPhase section */
		3BB956D42462A08A00FAD1C8 /* Frameworks */ = {
			isa = PBXFrameworksBuildPhase;
			buildActionMask = 2147483647;
			files = (
			);
			runOnlyForDeploymentPostprocessing = 0;
		};
/* End PBXFrameworksBuildPhase section */

/* Begin PBXGroup section */
		3BB956CE2462A08A00FAD1C8 = {
			isa = PBXGroup;
			children = (
				3BB956D92462A08A00FAD1C8 /* TestReaddle */,
				3BEA84932462B7340001E9E2 /* Model */,
				3BEA84922462B72F0001E9E2 /* View */,
				3BEA84912462B7240001E9E2 /* Controller */,
				3BB956D82462A08A00FAD1C8 /* Products */,
			);
			sourceTree = "<group>";
		};
		3BB956D82462A08A00FAD1C8 /* Products */ = {
			isa = PBXGroup;
			children = (
				3BB956D72462A08A00FAD1C8 /* TestReaddle.app */,
			);
			name = Products;
			sourceTree = "<group>";
		};
		3BB956D92462A08A00FAD1C8 /* TestReaddle */ = {
			isa = PBXGroup;
			children = (
				3BB956DA2462A08A00FAD1C8 /* AppDelegate.swift */,
				3BB956DC2462A08A00FAD1C8 /* SceneDelegate.swift */,
				3BB956E32462A08E00FAD1C8 /* Assets.xcassets */,
				3BB956E52462A08E00FAD1C8 /* LaunchScreen.storyboard */,
				3BB956E82462A08E00FAD1C8 /* Info.plist */,
			);
			path = TestReaddle;
			sourceTree = "<group>";
		};
		3BEA84912462B7240001E9E2 /* Controller */ = {
			isa = PBXGroup;
			children = (
				3BB956DE2462A08A00FAD1C8 /* MainViewController.swift */,
				3BC9ED272462D80200630FC1 /* ListViewController.swift */,
				3BC9ED292462DC1E00630FC1 /* GridCollectionViewController.swift */,
				3BA7A1A0246C35B900F4CB7D /* CustomTableViewCell.swift */,
				3BA7A1A2246C498500F4CB7D /* CustomCollectionViewCell.swift */,
				3BB9DE79246C62D6009CCEF6 /* DetailListViewController.swift */,
			);
			path = Controller;
			sourceTree = "<group>";
		};
		3BEA84922462B72F0001E9E2 /* View */ = {
			isa = PBXGroup;
			children = (
				3BB956E02462A08A00FAD1C8 /* Main.storyboard */,
			);
			path = View;
			sourceTree = "<group>";
		};
		3BEA84932462B7340001E9E2 /* Model */ = {
			isa = PBXGroup;
			children = (
				3BB9DE76246C4B95009CCEF6 /* Manager.swift */,
				3B09A99124840ECE00F09500 /* PopAnimator.swift */,
			);
			path = Model;
			sourceTree = "<group>";
		};
/* End PBXGroup section */

/* Begin PBXNativeTarget section */
		3BB956D62462A08A00FAD1C8 /* TestReaddle */ = {
			isa = PBXNativeTarget;
			buildConfigurationList = 3BB956EB2462A08E00FAD1C8 /* Build configuration list for PBXNativeTarget "TestReaddle" */;
			buildPhases = (
				3BB956D32462A08A00FAD1C8 /* Sources */,
				3BB956D42462A08A00FAD1C8 /* Frameworks */,
				3BB956D52462A08A00FAD1C8 /* Resources */,
			);
			buildRules = (
			);
			dependencies = (
			);
			name = TestReaddle;
			productName = TestReaddle;
			productReference = 3BB956D72462A08A00FAD1C8 /* TestReaddle.app */;
			productType = "com.apple.product-type.application";
		};
/* End PBXNativeTarget section */

/* Begin PBXProject section */
		3BB956CF2462A08A00FAD1C8 /* Project object */ = {
			isa = PBXProject;
			attributes = {
				LastSwiftUpdateCheck = 1140;
				LastUpgradeCheck = 1140;
				ORGANIZATIONNAME = "Ivanov Viktor";
				TargetAttributes = {
					3BB956D62462A08A00FAD1C8 = {
						CreatedOnToolsVersion = 11.4;
					};
				};
			};
			buildConfigurationList = 3BB956D22462A08A00FAD1C8 /* Build configuration list for PBXProject "TestReaddle" */;
			compatibilityVersion = "Xcode 9.3";
			developmentRegion = en;
			hasScannedForEncodings = 0;
			knownRegions = (
				en,
				Base,
			);
			mainGroup = 3BB956CE2462A08A00FAD1C8;
			productRefGroup = 3BB956D82462A08A00FAD1C8 /* Products */;
			projectDirPath = "";
			projectRoot = "";
			targets = (
				3BB956D62462A08A00FAD1C8 /* TestReaddle */,
			);
		};
/* End PBXProject section */

/* Begin PBXResourcesBuildPhase section */
		3BB956D52462A08A00FAD1C8 /* Resources */ = {
			isa = PBXResourcesBuildPhase;
			buildActionMask = 2147483647;
			files = (
				3BB956E72462A08E00FAD1C8 /* LaunchScreen.storyboard in Resources */,
				3BB956E42462A08E00FAD1C8 /* Assets.xcassets in Resources */,
				3BB956E22462A08A00FAD1C8 /* Main.storyboard in Resources */,
			);
			runOnlyForDeploymentPostprocessing = 0;
		};
/* End PBXResourcesBuildPhase section */

/* Begin PBXSourcesBuildPhase section */
		3BB956D32462A08A00FAD1C8 /* Sources */ = {
			isa = PBXSourcesBuildPhase;
			buildActionMask = 2147483647;
			files = (
				3BA7A1A1246C35B900F4CB7D /* CustomTableViewCell.swift in Sources */,
				3BB9DE7A246C62D6009CCEF6 /* DetailListViewController.swift in Sources */,
				3BA7A1A3246C498500F4CB7D /* CustomCollectionViewCell.swift in Sources */,
				3BB956DF2462A08A00FAD1C8 /* MainViewController.swift in Sources */,
				3B09A99224840ECE00F09500 /* PopAnimator.swift in Sources */,
				3BB9DE77246C4B95009CCEF6 /* Manager.swift in Sources */,
				3BB956DB2462A08A00FAD1C8 /* AppDelegate.swift in Sources */,
				3BC9ED2A2462DC1E00630FC1 /* GridCollectionViewController.swift in Sources */,
				3BC9ED282462D80200630FC1 /* ListViewController.swift in Sources */,
				3BB956DD2462A08A00FAD1C8 /* SceneDelegate.swift in Sources */,
			);
			runOnlyForDeploymentPostprocessing = 0;
		};
/* End PBXSourcesBuildPhase section */

/* Begin PBXVariantGroup section */
		3BB956E02462A08A00FAD1C8 /* Main.storyboard */ = {
			isa = PBXVariantGroup;
			children = (
				3BB956E12462A08A00FAD1C8 /* Base */,
			);
			name = Main.storyboard;
			sourceTree = "<group>";
		};
		3BB956E52462A08E00FAD1C8 /* LaunchScreen.storyboard */ = {
			isa = PBXVariantGroup;
			children = (
				3BB956E62462A08E00FAD1C8 /* Base */,
			);
			name = LaunchScreen.storyboard;
			sourceTree = "<group>";
		};
/* End PBXVariantGroup section */

/* Begin XCBuildConfiguration section */
		3BB956E92462A08E00FAD1C8 /* Debug */ = {
			isa = XCBuildConfiguration;
			buildSettings = {
				ALWAYS_SEARCH_USER_PATHS = NO;
				CLANG_ANALYZER_NONNULL = YES;
				CLANG_ANALYZER_NUMBER_OBJECT_CONVERSION = YES_AGGRESSIVE;
				CLANG_CXX_LANGUAGE_STANDARD = "gnu++14";
				CLANG_CXX_LIBRARY = "libc++";
				CLANG_ENABLE_MODULES = YES;
				CLANG_ENABLE_OBJC_ARC = YES;
				CLANG_ENABLE_OBJC_WEAK = YES;
				CLANG_WARN_BLOCK_CAPTURE_AUTORELEASING = YES;
				CLANG_WARN_BOOL_CONVERSION = YES;
				CLANG_WARN_COMMA = YES;
				CLANG_WARN_CONSTANT_CONVERSION = YES;
				CLANG_WARN_DEPRECATED_OBJC_IMPLEMENTATIONS = YES;
				CLANG_WARN_DIRECT_OBJC_ISA_USAGE = YES_ERROR;
				CLANG_WARN_DOCUMENTATION_COMMENTS = YES;
				CLANG_WARN_EMPTY_BODY = YES;
				CLANG_WARN_ENUM_CONVERSION = YES;
				CLANG_WARN_INFINITE_RECURSION = YES;
				CLANG_WARN_INT_CONVERSION = YES;
				CLANG_WARN_NON_LITERAL_NULL_CONVERSION = YES;
				CLANG_WARN_OBJC_IMPLICIT_RETAIN_SELF = YES;
				CLANG_WARN_OBJC_LITERAL_CONVERSION = YES;
				CLANG_WARN_OBJC_ROOT_CLASS = YES_ERROR;
				CLANG_WARN_RANGE_LOOP_ANALYSIS = YES;
				CLANG_WARN_STRICT_PROTOTYPES = YES;
				CLANG_WARN_SUSPICIOUS_MOVE = YES;
				CLANG_WARN_UNGUARDED_AVAILABILITY = YES_AGGRESSIVE;
				CLANG_WARN_UNREACHABLE_CODE = YES;
				CLANG_WARN__DUPLICATE_METHOD_MATCH = YES;
				COPY_PHASE_STRIP = NO;
				DEBUG_INFORMATION_FORMAT = dwarf;
				ENABLE_STRICT_OBJC_MSGSEND = YES;
				ENABLE_TESTABILITY = YES;
				GCC_C_LANGUAGE_STANDARD = gnu11;
				GCC_DYNAMIC_NO_PIC = NO;
				GCC_NO_COMMON_BLOCKS = YES;
				GCC_OPTIMIZATION_LEVEL = 0;
				GCC_PREPROCESSOR_DEFINITIONS = (
					"DEBUG=1",
					"$(inherited)",
				);
				GCC_WARN_64_TO_32_BIT_CONVERSION = YES;
				GCC_WARN_ABOUT_RETURN_TYPE = YES_ERROR;
				GCC_WARN_UNDECLARED_SELECTOR = YES;
				GCC_WARN_UNINITIALIZED_AUTOS = YES_AGGRESSIVE;
				GCC_WARN_UNUSED_FUNCTION = YES;
				GCC_WARN_UNUSED_VARIABLE = YES;
				IPHONEOS_DEPLOYMENT_TARGET = 13.4;
				MTL_ENABLE_DEBUG_INFO = INCLUDE_SOURCE;
				MTL_FAST_MATH = YES;
				ONLY_ACTIVE_ARCH = YES;
				SDKROOT = iphoneos;
				SWIFT_ACTIVE_COMPILATION_CONDITIONS = DEBUG;
				SWIFT_OPTIMIZATION_LEVEL = "-Onone";
			};
			name = Debug;
		};
		3BB956EA2462A08E00FAD1C8 /* Release */ = {
			isa = XCBuildConfiguration;
			buildSettings = {
				ALWAYS_SEARCH_USER_PATHS = NO;
				CLANG_ANALYZER_NONNULL = YES;
				CLANG_ANALYZER_NUMBER_OBJECT_CONVERSION = YES_AGGRESSIVE;
				CLANG_CXX_LANGUAGE_STANDARD = "gnu++14";
				CLANG_CXX_LIBRARY = "libc++";
				CLANG_ENABLE_MODULES = YES;
				CLANG_ENABLE_OBJC_ARC = YES;
				CLANG_ENABLE_OBJC_WEAK = YES;
				CLANG_WARN_BLOCK_CAPTURE_AUTORELEASING = YES;
				CLANG_WARN_BOOL_CONVERSION = YES;
				CLANG_WARN_COMMA = YES;
				CLANG_WARN_CONSTANT_CONVERSION = YES;
				CLANG_WARN_DEPRECATED_OBJC_IMPLEMENTATIONS = YES;
				CLANG_WARN_DIRECT_OBJC_ISA_USAGE = YES_ERROR;
				CLANG_WARN_DOCUMENTATION_COMMENTS = YES;
				CLANG_WARN_EMPTY_BODY = YES;
				CLANG_WARN_ENUM_CONVERSION = YES;
				CLANG_WARN_INFINITE_RECURSION = YES;
				CLANG_WARN_INT_CONVERSION = YES;
				CLANG_WARN_NON_LITERAL_NULL_CONVERSION = YES;
				CLANG_WARN_OBJC_IMPLICIT_RETAIN_SELF = YES;
				CLANG_WARN_OBJC_LITERAL_CONVERSION = YES;
				CLANG_WARN_OBJC_ROOT_CLASS = YES_ERROR;
				CLANG_WARN_RANGE_LOOP_ANALYSIS = YES;
				CLANG_WARN_STRICT_PROTOTYPES = YES;
				CLANG_WARN_SUSPICIOUS_MOVE = YES;
				CLANG_WARN_UNGUARDED_AVAILABILITY = YES_AGGRESSIVE;
				CLANG_WARN_UNREACHABLE_CODE = YES;
				CLANG_WARN__DUPLICATE_METHOD_MATCH = YES;
				COPY_PHASE_STRIP = NO;
				DEBUG_INFORMATION_FORMAT = "dwarf-with-dsym";
				ENABLE_NS_ASSERTIONS = NO;
				ENABLE_STRICT_OBJC_MSGSEND = YES;
				GCC_C_LANGUAGE_STANDARD = gnu11;
				GCC_NO_COMMON_BLOCKS = YES;
				GCC_WARN_64_TO_32_BIT_CONVERSION = YES;
				GCC_WARN_ABOUT_RETURN_TYPE = YES_ERROR;
				GCC_WARN_UNDECLARED_SELECTOR = YES;
				GCC_WARN_UNINITIALIZED_AUTOS = YES_AGGRESSIVE;
				GCC_WARN_UNUSED_FUNCTION = YES;
				GCC_WARN_UNUSED_VARIABLE = YES;
				IPHONEOS_DEPLOYMENT_TARGET = 13.4;
				MTL_ENABLE_DEBUG_INFO = NO;
				MTL_FAST_MATH = YES;
				SDKROOT = iphoneos;
				SWIFT_COMPILATION_MODE = wholemodule;
				SWIFT_OPTIMIZATION_LEVEL = "-O";
				VALIDATE_PRODUCT = YES;
			};
			name = Release;
		};
		3BB956EC2462A08E00FAD1C8 /* Debug */ = {
			isa = XCBuildConfiguration;
			buildSettings = {
				ASSETCATALOG_COMPILER_APPICON_NAME = AppIcon;
				CODE_SIGN_STYLE = Automatic;
				DEVELOPMENT_TEAM = 8UD456XZTK;
				INFOPLIST_FILE = TestReaddle/Info.plist;
				LD_RUNPATH_SEARCH_PATHS = (
					"$(inherited)",
					"@executable_path/Frameworks",
				);
				PRODUCT_BUNDLE_IDENTIFIER = com.ivanovua.TestReaddle;
				PRODUCT_NAME = "$(TARGET_NAME)";
				SWIFT_VERSION = 5.0;
				TARGETED_DEVICE_FAMILY = "1,2";
			};
			name = Debug;
		};
		3BB956ED2462A08E00FAD1C8 /* Release */ = {
			isa = XCBuildConfiguration;
			buildSettings = {
				ASSETCATALOG_COMPILER_APPICON_NAME = AppIcon;
				CODE_SIGN_STYLE = Automatic;
				DEVELOPMENT_TEAM = 8UD456XZTK;
				INFOPLIST_FILE = TestReaddle/Info.plist;
				LD_RUNPATH_SEARCH_PATHS = (
					"$(inherited)",
					"@executable_path/Frameworks",
				);
				PRODUCT_BUNDLE_IDENTIFIER = com.ivanovua.TestReaddle;
				PRODUCT_NAME = "$(TARGET_NAME)";
				SWIFT_VERSION = 5.0;
				TARGETED_DEVICE_FAMILY = "1,2";
			};
			name = Release;
		};
/* End XCBuildConfiguration section */

/* Begin XCConfigurationList section */
		3BB956D22462A08A00FAD1C8 /* Build configuration list for PBXProject "TestReaddle" */ = {
			isa = XCConfigurationList;
			buildConfigurations = (
				3BB956E92462A08E00FAD1C8 /* Debug */,
				3BB956EA2462A08E00FAD1C8 /* Release */,
			);
			defaultConfigurationIsVisible = 0;
			defaultConfigurationName = Release;
		};
		3BB956EB2462A08E00FAD1C8 /* Build configuration list for PBXNativeTarget "TestReaddle" */ = {
			isa = XCConfigurationList;
			buildConfigurations = (
				3BB956EC2462A08E00FAD1C8 /* Debug */,
				3BB956ED2462A08E00FAD1C8 /* Release */,
			);
			defaultConfigurationIsVisible = 0;
			defaultConfigurationName = Release;
		};
/* End XCConfigurationList section */
	};
	rootObject = 3BB956CF2462A08A00FAD1C8 /* Project object */;
}
